
Microsoft Visual Studio Solution File, Format Version 12.00
# Visual Studio Version 17
VisualStudioVersion = 17.5.33424.131
MinimumVisualStudioVersion = 10.0.40219.1
Project("{FAE04EC0-301F-11D3-BF4B-00C04F79EFBC}") = "ooplab4_2", "ooplab4_2.csproj", "{37B00C8D-0EEE-43FB-9B2A-287ED17548E6}"
EndProject
Global
	GlobalSection(SolutionConfigurationPlatforms) = preSolution
		Debug|Any CPU = Debug|Any CPU
		Release|Any CPU = Release|Any CPU
	EndGlobalSection
	GlobalSection(ProjectConfigurationPlatforms) = postSolution
		{37B00C8D-0EEE-43FB-9B2A-287ED17548E6}.Debug|Any CPU.ActiveCfg = Debug|Any CPU
		{37B00C8D-0EEE-43FB-9B2A-287ED17548E6}.Debug|Any CPU.Build.0 = Debug|Any CPU
		{37B00C8D-0EEE-43FB-9B2A-287ED17548E6}.Release|Any CPU.ActiveCfg = Release|Any CPU
		{37B00C8D-0EEE-43FB-9B2A-287ED17548E6}.Release|Any CPU.Build.0 = Release|Any CPU
	EndGlobalSection
	GlobalSection(SolutionProperties) = preSolution
		HideSolutionNode = FALSE
	EndGlobalSection
	GlobalSection(ExtensibilityGlobals) = postSolution
		SolutionGuid = {96B82CA4-5D96-4EF4-9A44-CBBF4E34535F}
	EndGlobalSection
EndGlobal
